
Microsoft Visual Studio Solution File, Format Version 12.00
# Visual Studio Version 16
VisualStudioVersion = 16.0.31205.134
MinimumVisualStudioVersion = 10.0.40219.1
Project("{FAE04EC0-301F-11D3-BF4B-00C04F79EFBC}") = "ShoppingWeb", "ShoppingWeb\ShoppingWeb.csproj", "{F4D0C40B-C8E1-4536-9DE6-D9844DE5FC2C}"
EndProject
Project("{00D1A9C2-B5F0-4AF3-8072-F6C62B433612}") = "ShoppingWeb.DB", "ShoppingWeb.DB\ShoppingWeb.DB.sqlproj", "{D3B44320-61DB-465F-9FC7-91D84F44C412}"
EndProject
Project("{FAE04EC0-301F-11D3-BF4B-00C04F79EFBC}") = "ShoppingWebTest", "ShoppingWebTest\ShoppingWebTest.csproj", "{2F1DEF4C-9E4C-42C6-BB3A-A3B03D4E8AA3}"
EndProject
Global
	GlobalSection(SolutionConfigurationPlatforms) = preSolution
		Debug|Any CPU = Debug|Any CPU
		Release|Any CPU = Release|Any CPU
	EndGlobalSection
	GlobalSection(ProjectConfigurationPlatforms) = postSolution
		{F4D0C40B-C8E1-4536-9DE6-D9844DE5FC2C}.Debug|Any CPU.ActiveCfg = Debug|Any CPU
		{F4D0C40B-C8E1-4536-9DE6-D9844DE5FC2C}.Debug|Any CPU.Build.0 = Debug|Any CPU
		{F4D0C40B-C8E1-4536-9DE6-D9844DE5FC2C}.Release|Any CPU.ActiveCfg = Release|Any CPU
		{F4D0C40B-C8E1-4536-9DE6-D9844DE5FC2C}.Release|Any CPU.Build.0 = Release|Any CPU
		{D3B44320-61DB-465F-9FC7-91D84F44C412}.Debug|Any CPU.ActiveCfg = Debug|Any CPU
		{D3B44320-61DB-465F-9FC7-91D84F44C412}.Debug|Any CPU.Build.0 = Debug|Any CPU
		{D3B44320-61DB-465F-9FC7-91D84F44C412}.Debug|Any CPU.Deploy.0 = Debug|Any CPU
		{D3B44320-61DB-465F-9FC7-91D84F44C412}.Release|Any CPU.ActiveCfg = Release|Any CPU
		{D3B44320-61DB-465F-9FC7-91D84F44C412}.Release|Any CPU.Build.0 = Release|Any CPU
		{D3B44320-61DB-465F-9FC7-91D84F44C412}.Release|Any CPU.Deploy.0 = Release|Any CPU
		{2F1DEF4C-9E4C-42C6-BB3A-A3B03D4E8AA3}.Debug|Any CPU.ActiveCfg = Debug|Any CPU
		{2F1DEF4C-9E4C-42C6-BB3A-A3B03D4E8AA3}.Debug|Any CPU.Build.0 = Debug|Any CPU
		{2F1DEF4C-9E4C-42C6-BB3A-A3B03D4E8AA3}.Release|Any CPU.ActiveCfg = Release|Any CPU
		{2F1DEF4C-9E4C-42C6-BB3A-A3B03D4E8AA3}.Release|Any CPU.Build.0 = Release|Any CPU
	EndGlobalSection
	GlobalSection(SolutionProperties) = preSolution
		HideSolutionNode = FALSE
	EndGlobalSection
	GlobalSection(ExtensibilityGlobals) = postSolution
		SolutionGuid = {07C6C061-3CAF-4F3D-AADE-1C090197C92A}
	EndGlobalSection
EndGlobal
